
Microsoft Visual Studio Solution File, Format Version 12.00
# Visual Studio Version 16
VisualStudioVersion = 16.0.32929.386
MinimumVisualStudioVersion = 10.0.40219.1
Project("{FAE04EC0-301F-11D3-BF4B-00C04F79EFBC}") = "FootballAPI", "FootballAPI\FootballAPI.csproj", "{69D08120-1549-4D7D-A13D-3E57A62A45D1}"
EndProject
Project("{E24C65DC-7377-472B-9ABA-BC803B73C61A}") = "UI-Angular", "FootballAPI\UI-Angular\", "{6C1DAECC-2F43-4431-9C12-BB0C67B1B0D2}"
	ProjectSection(WebsiteProperties) = preProject
		TargetFrameworkMoniker = ".NETFramework,Version%3Dv4.0"
		Debug.AspNetCompiler.VirtualPath = "/localhost_50056"
		Debug.AspNetCompiler.PhysicalPath = "FootballAPI\UI-Angular\"
		Debug.AspNetCompiler.TargetPath = "PrecompiledWeb\localhost_50056\"
		Debug.AspNetCompiler.Updateable = "true"
		Debug.AspNetCompiler.ForceOverwrite = "true"
		Debug.AspNetCompiler.FixedNames = "false"
		Debug.AspNetCompiler.Debug = "True"
		Release.AspNetCompiler.VirtualPath = "/localhost_50056"
		Release.AspNetCompiler.PhysicalPath = "FootballAPI\UI-Angular\"
		Release.AspNetCompiler.TargetPath = "PrecompiledWeb\localhost_50056\"
		Release.AspNetCompiler.Updateable = "true"
		Release.AspNetCompiler.ForceOverwrite = "true"
		Release.AspNetCompiler.FixedNames = "false"
		Release.AspNetCompiler.Debug = "False"
		VWDPort = "50056"
		SlnRelativePath = "FootballAPI\UI-Angular\"
	EndProjectSection
EndProject
Global
	GlobalSection(SolutionConfigurationPlatforms) = preSolution
		Debug|Any CPU = Debug|Any CPU
		Release|Any CPU = Release|Any CPU
	EndGlobalSection
	GlobalSection(ProjectConfigurationPlatforms) = postSolution
		{69D08120-1549-4D7D-A13D-3E57A62A45D1}.Debug|Any CPU.ActiveCfg = Debug|Any CPU
		{69D08120-1549-4D7D-A13D-3E57A62A45D1}.Debug|Any CPU.Build.0 = Debug|Any CPU
		{69D08120-1549-4D7D-A13D-3E57A62A45D1}.Release|Any CPU.ActiveCfg = Release|Any CPU
		{69D08120-1549-4D7D-A13D-3E57A62A45D1}.Release|Any CPU.Build.0 = Release|Any CPU
		{6C1DAECC-2F43-4431-9C12-BB0C67B1B0D2}.Debug|Any CPU.ActiveCfg = Debug|Any CPU
		{6C1DAECC-2F43-4431-9C12-BB0C67B1B0D2}.Debug|Any CPU.Build.0 = Debug|Any CPU
		{6C1DAECC-2F43-4431-9C12-BB0C67B1B0D2}.Release|Any CPU.ActiveCfg = Debug|Any CPU
		{6C1DAECC-2F43-4431-9C12-BB0C67B1B0D2}.Release|Any CPU.Build.0 = Debug|Any CPU
	EndGlobalSection
	GlobalSection(SolutionProperties) = preSolution
		HideSolutionNode = FALSE
	EndGlobalSection
	GlobalSection(ExtensibilityGlobals) = postSolution
		SolutionGuid = {13F0BE18-782A-4284-97CF-981C17F825EB}
	EndGlobalSection
EndGlobal
